
Microsoft Visual Studio Solution File, Format Version 12.00
# Visual Studio 15
VisualStudioVersion = 15.0.26730.16
MinimumVisualStudioVersion = 10.0.40219.1
Project("{FAE04EC0-301F-11D3-BF4B-00C04F79EFBC}") = "DotNetJenkins", "DotNetJenkins\DotNetJenkins.csproj", "{52FD387D-0194-4C58-8F77-B863CB81D6D5}"
EndProject
Global
	GlobalSection(SolutionConfigurationPlatforms) = preSolution
		Debug|Any CPU = Debug|Any CPU
		Release|Any CPU = Release|Any CPU
	EndGlobalSection
	GlobalSection(ProjectConfigurationPlatforms) = postSolution
		{52FD387D-0194-4C58-8F77-B863CB81D6D5}.Debug|Any CPU.ActiveCfg = Debug|Any CPU
		{52FD387D-0194-4C58-8F77-B863CB81D6D5}.Debug|Any CPU.Build.0 = Debug|Any CPU
		{52FD387D-0194-4C58-8F77-B863CB81D6D5}.Release|Any CPU.ActiveCfg = Release|Any CPU
		{52FD387D-0194-4C58-8F77-B863CB81D6D5}.Release|Any CPU.Build.0 = Release|Any CPU
	EndGlobalSection
	GlobalSection(SolutionProperties) = preSolution
		HideSolutionNode = FALSE
	EndGlobalSection
	GlobalSection(ExtensibilityGlobals) = postSolution
		SolutionGuid = {3A6D6A23-6C06-460E-99A1-676C969B9AB0}
	EndGlobalSection
EndGlobal
